
Microsoft Visual Studio Solution File, Format Version 12.00
# Visual Studio Version 16
VisualStudioVersion = 25.0.1706.1
MinimumVisualStudioVersion = 10.0.40219.1
Project("{FAE04EC0-301F-11D3-BF4B-00C04F79EFBC}") = "ExtentionMethod", "ExtentionMethod\ExtentionMethod.csproj", "{C194F913-B44A-4F0A-A1A2-323D7F49A498}"
EndProject
Global
	GlobalSection(SolutionConfigurationPlatforms) = preSolution
		Debug|Any CPU = Debug|Any CPU
		Release|Any CPU = Release|Any CPU
	EndGlobalSection
	GlobalSection(ProjectConfigurationPlatforms) = postSolution
		{C194F913-B44A-4F0A-A1A2-323D7F49A498}.Debug|Any CPU.ActiveCfg = Debug|Any CPU
		{C194F913-B44A-4F0A-A1A2-323D7F49A498}.Debug|Any CPU.Build.0 = Debug|Any CPU
		{C194F913-B44A-4F0A-A1A2-323D7F49A498}.Release|Any CPU.ActiveCfg = Release|Any CPU
		{C194F913-B44A-4F0A-A1A2-323D7F49A498}.Release|Any CPU.Build.0 = Release|Any CPU
	EndGlobalSection
	GlobalSection(SolutionProperties) = preSolution
		HideSolutionNode = FALSE
	EndGlobalSection
	GlobalSection(ExtensibilityGlobals) = postSolution
		SolutionGuid = {19CD57E5-23D6-4FFF-957B-B52C913878A9}
	EndGlobalSection
EndGlobal
